{
  "name": "miniprogram",
  "version": "1.0.0",
  "lockfileVersion": 2,
  "requires": true,
  "packages": {
    "": {
      "name": "miniprogram",
      "version": "1.0.0",
      "license": "ISC",
      "dependencies": {
        "mp-v-scroll": "^1.0.4"
      }
    },
    "node_modules/mp-v-scroll": {
      "version": "1.0.4",
      "resolved": "https://registry.npmjs.org/mp-v-scroll/-/mp-v-scroll-1.0.4.tgz",
      "integrity": "sha512-fusyDtKeu1oHJuRWFWbHPFcpKbfvxNS+H1ovvu82x6OuLBnUA3I7s5cNbckurc5VBIyqv3d7GRLFqK59KjSAGg=="
    }
  },
  "dependencies": {
    "mp-v-scroll": {
      "version": "1.0.4",
      "resolved": "https://registry.npmjs.org/mp-v-scroll/-/mp-v-scroll-1.0.4.tgz",
      "integrity": "sha512-fusyDtKeu1oHJuRWFWbHPFcpKbfvxNS+H1ovvu82x6OuLBnUA3I7s5cNbckurc5VBIyqv3d7GRLFqK59KjSAGg=="
    }
  }
}
